
Microsoft Visual Studio Solution File, Format Version 12.00
# Visual Studio 2013
VisualStudioVersion = 12.0.31101.0
MinimumVisualStudioVersion = 10.0.40219.1
Project("{FAE04EC0-301F-11D3-BF4B-00C04F79EFBC}") = "Habilitations", "Habilitations\Habilitations.csproj", "{4B020F7A-4B20-420E-9177-7482C85491B0}"
EndProject
Project("{FAE04EC0-301F-11D3-BF4B-00C04F79EFBC}") = "Habilitations.Tests", "Habilitations.Tests\Habilitations.Tests.csproj", "{F5513CDB-722E-48CC-B693-1497FF18BC24}"
EndProject
Global
	GlobalSection(SolutionConfigurationPlatforms) = preSolution
		Debug|Any CPU = Debug|Any CPU
		Release|Any CPU = Release|Any CPU
	EndGlobalSection
	GlobalSection(ProjectConfigurationPlatforms) = postSolution
		{4B020F7A-4B20-420E-9177-7482C85491B0}.Debug|Any CPU.ActiveCfg = Debug|Any CPU
		{4B020F7A-4B20-420E-9177-7482C85491B0}.Debug|Any CPU.Build.0 = Debug|Any CPU
		{4B020F7A-4B20-420E-9177-7482C85491B0}.Release|Any CPU.ActiveCfg = Release|Any CPU
		{4B020F7A-4B20-420E-9177-7482C85491B0}.Release|Any CPU.Build.0 = Release|Any CPU
		{F5513CDB-722E-48CC-B693-1497FF18BC24}.Debug|Any CPU.ActiveCfg = Debug|Any CPU
		{F5513CDB-722E-48CC-B693-1497FF18BC24}.Debug|Any CPU.Build.0 = Debug|Any CPU
		{F5513CDB-722E-48CC-B693-1497FF18BC24}.Release|Any CPU.ActiveCfg = Release|Any CPU
		{F5513CDB-722E-48CC-B693-1497FF18BC24}.Release|Any CPU.Build.0 = Release|Any CPU
	EndGlobalSection
	GlobalSection(SolutionProperties) = preSolution
		HideSolutionNode = FALSE
	EndGlobalSection
EndGlobal
